
Microsoft Visual Studio Solution File, Format Version 12.00
# Visual Studio 14
VisualStudioVersion = 14.0.25420.1
MinimumVisualStudioVersion = 10.0.40219.1
Project("{2150E333-8FDC-42A3-9474-1A3956D46DE8}") = "Solution Items", "Solution Items", "{C8147480-B3DB-432A-AC00-1CF13D2B34C5}"
	ProjectSection(SolutionItems) = preProject
		..\blog-single.html = ..\blog-single.html
		..\index.html = ..\index.html
		..\README.md = ..\README.md
	EndProjectSection
EndProject
Project("{2150E333-8FDC-42A3-9474-1A3956D46DE8}") = "css", "css", "{97A4F202-0552-4D0B-8739-30294B2730DE}"
	ProjectSection(SolutionItems) = preProject
		..\css\bootstrap.min.css = ..\css\bootstrap.min.css
		..\css\font-awesome.min.css = ..\css\font-awesome.min.css
		..\css\magnific-popup.css = ..\css\magnific-popup.css
		..\css\owl.carousel.css = ..\css\owl.carousel.css
		..\css\owl.theme.default.css = ..\css\owl.theme.default.css
		..\css\style.css = ..\css\style.css
	EndProjectSection
EndProject
Project("{2150E333-8FDC-42A3-9474-1A3956D46DE8}") = "fonts", "fonts", "{EBDE7870-7C97-4740-ACAA-4BC581D65CB2}"
	ProjectSection(SolutionItems) = preProject
		..\fonts\fontawesome-webfont.eot = ..\fonts\fontawesome-webfont.eot
		..\fonts\fontawesome-webfont.svg = ..\fonts\fontawesome-webfont.svg
		..\fonts\fontawesome-webfont.ttf = ..\fonts\fontawesome-webfont.ttf
		..\fonts\fontawesome-webfont.woff = ..\fonts\fontawesome-webfont.woff
		..\fonts\fontawesome-webfont.woff2 = ..\fonts\fontawesome-webfont.woff2
		..\fonts\FontAwesome.otf = ..\fonts\FontAwesome.otf
	EndProjectSection
EndProject
Project("{2150E333-8FDC-42A3-9474-1A3956D46DE8}") = "img", "img", "{90B54254-C4A3-49B3-B872-2174C6F266D9}"
	ProjectSection(SolutionItems) = preProject
		..\img\background1---.jpg = ..\img\background1---.jpg
		..\img\background1-.jpg = ..\img\background1-.jpg
		..\img\background1.jpg = ..\img\background1.jpg
		..\img\background12.jpg = ..\img\background12.jpg
		..\img\background3.jpg = ..\img\background3.jpg
		..\img\blog-post.jpg = ..\img\blog-post.jpg
		..\img\blog1.jpg = ..\img\blog1.jpg
		..\img\blog2.jpg = ..\img\blog2.jpg
		..\img\logo-alt.png = ..\img\logo-alt.png
		..\img\logo.png = ..\img\logo.png
		..\img\post1.jpg = ..\img\post1.jpg
		..\img\post2.jpg = ..\img\post2.jpg
		..\img\work1.jpg = ..\img\work1.jpg
		..\img\work2.jpg = ..\img\work2.jpg
		..\img\work3.jpg = ..\img\work3.jpg
		..\img\work4.jpg = ..\img\work4.jpg
		..\img\work5.jpg = ..\img\work5.jpg
		..\img\work6.jpg = ..\img\work6.jpg
	EndProjectSection
EndProject
Project("{2150E333-8FDC-42A3-9474-1A3956D46DE8}") = "js", "js", "{5BE2CCC3-018B-4C18-B12C-11901975127A}"
	ProjectSection(SolutionItems) = preProject
		..\js\bootstrap.min.js = ..\js\bootstrap.min.js
		..\js\jquery.magnific-popup.js = ..\js\jquery.magnific-popup.js
		..\js\jquery.min.js = ..\js\jquery.min.js
		..\js\main.js = ..\js\main.js
		..\js\owl.carousel.min.js = ..\js\owl.carousel.min.js
	EndProjectSection
EndProject
Global
	GlobalSection(SolutionProperties) = preSolution
		HideSolutionNode = FALSE
	EndGlobalSection
	GlobalSection(NestedProjects) = preSolution
		{97A4F202-0552-4D0B-8739-30294B2730DE} = {C8147480-B3DB-432A-AC00-1CF13D2B34C5}
		{EBDE7870-7C97-4740-ACAA-4BC581D65CB2} = {C8147480-B3DB-432A-AC00-1CF13D2B34C5}
		{90B54254-C4A3-49B3-B872-2174C6F266D9} = {C8147480-B3DB-432A-AC00-1CF13D2B34C5}
		{5BE2CCC3-018B-4C18-B12C-11901975127A} = {C8147480-B3DB-432A-AC00-1CF13D2B34C5}
	EndGlobalSection
EndGlobal
